
Microsoft Visual Studio Solution File, Format Version 12.00
# Visual Studio Version 17
VisualStudioVersion = 17.5.33516.290
MinimumVisualStudioVersion = 10.0.40219.1
Project("{C9674DCB-5085-4A16-B785-4C70DD1589BD}") = "Integration Services Project", "Integration Services Project.dtproj", "{A245FD94-EF23-491D-9BCB-4902C0AED1CF}"
EndProject
Global
	GlobalSection(SolutionConfigurationPlatforms) = preSolution
		Development|Default = Development|Default
	EndGlobalSection
	GlobalSection(ProjectConfigurationPlatforms) = postSolution
		{A245FD94-EF23-491D-9BCB-4902C0AED1CF}.Development|Default.ActiveCfg = Development
		{A245FD94-EF23-491D-9BCB-4902C0AED1CF}.Development|Default.Build.0 = Development
	EndGlobalSection
	GlobalSection(SolutionProperties) = preSolution
		HideSolutionNode = FALSE
	EndGlobalSection
	GlobalSection(ExtensibilityGlobals) = postSolution
		SolutionGuid = {B99EE018-77B0-4E32-9B56-E1EB7BE7AC27}
	EndGlobalSection
EndGlobal
